
Microsoft Visual Studio Solution File, Format Version 12.00
# Visual Studio Version 16
VisualStudioVersion = 16.0.29418.71
MinimumVisualStudioVersion = 10.0.40219.1
Project("{FAE04EC0-301F-11D3-BF4B-00C04F79EFBC}") = "SineNumericalAnalysis", "SineNumericalAnalysis\SineNumericalAnalysis.csproj", "{98609075-41C1-40F5-AF69-CA3D3FB091DD}"
EndProject
Global
	GlobalSection(SolutionConfigurationPlatforms) = preSolution
		Debug|Any CPU = Debug|Any CPU
		Release|Any CPU = Release|Any CPU
	EndGlobalSection
	GlobalSection(ProjectConfigurationPlatforms) = postSolution
		{98609075-41C1-40F5-AF69-CA3D3FB091DD}.Debug|Any CPU.ActiveCfg = Debug|Any CPU
		{98609075-41C1-40F5-AF69-CA3D3FB091DD}.Debug|Any CPU.Build.0 = Debug|Any CPU
		{98609075-41C1-40F5-AF69-CA3D3FB091DD}.Release|Any CPU.ActiveCfg = Release|Any CPU
		{98609075-41C1-40F5-AF69-CA3D3FB091DD}.Release|Any CPU.Build.0 = Release|Any CPU
	EndGlobalSection
	GlobalSection(SolutionProperties) = preSolution
		HideSolutionNode = FALSE
	EndGlobalSection
	GlobalSection(ExtensibilityGlobals) = postSolution
		SolutionGuid = {80173CE3-7FA8-4E6D-AF89-6279D32B8D3A}
	EndGlobalSection
EndGlobal
